
Microsoft Visual Studio Solution File, Format Version 12.00
# Visual Studio 15
VisualStudioVersion = 15.0.26430.12
MinimumVisualStudioVersion = 10.0.40219.1
Project("{FAE04EC0-301F-11D3-BF4B-00C04F79EFBC}") = "P_Art", "P_Art\P_Art.csproj", "{2CF21C2C-CD43-452F-B33B-DE3CA007395D}"
EndProject
Project("{FAE04EC0-301F-11D3-BF4B-00C04F79EFBC}") = "Art_Testing", "Art_Testing\Art_Testing.csproj", "{8F1A8D31-4B10-420F-AC18-9334725C5334}"
EndProject
Project("{FAE04EC0-301F-11D3-BF4B-00C04F79EFBC}") = "PArt_Wcf", "PArt_Wcf\PArt_Wcf.csproj", "{B1CBE05F-BE96-4CBE-B625-D5D09248F19E}"
EndProject
Global
	GlobalSection(SolutionConfigurationPlatforms) = preSolution
		Debug|Any CPU = Debug|Any CPU
		Release|Any CPU = Release|Any CPU
	EndGlobalSection
	GlobalSection(ProjectConfigurationPlatforms) = postSolution
		{2CF21C2C-CD43-452F-B33B-DE3CA007395D}.Debug|Any CPU.ActiveCfg = Debug|Any CPU
		{2CF21C2C-CD43-452F-B33B-DE3CA007395D}.Debug|Any CPU.Build.0 = Debug|Any CPU
		{2CF21C2C-CD43-452F-B33B-DE3CA007395D}.Release|Any CPU.ActiveCfg = Release|Any CPU
		{2CF21C2C-CD43-452F-B33B-DE3CA007395D}.Release|Any CPU.Build.0 = Release|Any CPU
		{8F1A8D31-4B10-420F-AC18-9334725C5334}.Debug|Any CPU.ActiveCfg = Debug|Any CPU
		{8F1A8D31-4B10-420F-AC18-9334725C5334}.Debug|Any CPU.Build.0 = Debug|Any CPU
		{8F1A8D31-4B10-420F-AC18-9334725C5334}.Release|Any CPU.ActiveCfg = Release|Any CPU
		{8F1A8D31-4B10-420F-AC18-9334725C5334}.Release|Any CPU.Build.0 = Release|Any CPU
		{B1CBE05F-BE96-4CBE-B625-D5D09248F19E}.Debug|Any CPU.ActiveCfg = Debug|Any CPU
		{B1CBE05F-BE96-4CBE-B625-D5D09248F19E}.Debug|Any CPU.Build.0 = Debug|Any CPU
		{B1CBE05F-BE96-4CBE-B625-D5D09248F19E}.Release|Any CPU.ActiveCfg = Release|Any CPU
		{B1CBE05F-BE96-4CBE-B625-D5D09248F19E}.Release|Any CPU.Build.0 = Release|Any CPU
	EndGlobalSection
	GlobalSection(SolutionProperties) = preSolution
		HideSolutionNode = FALSE
	EndGlobalSection
EndGlobal
